
Microsoft Visual Studio Solution File, Format Version 12.00
Project("{FAE04EC0-301F-11D3-BF4B-00C04F79EFBC}") = "TaxiService", "TaxiService\TaxiService.csproj", "{77EAFBF4-25DD-41F7-81F5-BD07CE74CD11}"
EndProject
Project("{FAE04EC0-301F-11D3-BF4B-00C04F79EFBC}") = "Entities", "Entities\Entities.csproj", "{4CF9B6B0-9DB3-4EAA-8255-BC1261D2579A}"
EndProject
Project("{FAE04EC0-301F-11D3-BF4B-00C04F79EFBC}") = "Database", "Database\Database.csproj", "{030562DF-F338-4A70-A499-E72F2C027290}"
EndProject
Project("{FAE04EC0-301F-11D3-BF4B-00C04F79EFBC}") = "AdminControlPanel", "AdminControlPanel\AdminControlPanel.csproj", "{FC8434A3-7D62-470F-838D-71E9E99D70EC}"
EndProject
Global
	GlobalSection(SolutionConfigurationPlatforms) = preSolution
		Debug|Any CPU = Debug|Any CPU
		Release|Any CPU = Release|Any CPU
	EndGlobalSection
	GlobalSection(ProjectConfigurationPlatforms) = postSolution
		{77EAFBF4-25DD-41F7-81F5-BD07CE74CD11}.Debug|Any CPU.ActiveCfg = Debug|Any CPU
		{77EAFBF4-25DD-41F7-81F5-BD07CE74CD11}.Debug|Any CPU.Build.0 = Debug|Any CPU
		{77EAFBF4-25DD-41F7-81F5-BD07CE74CD11}.Release|Any CPU.ActiveCfg = Release|Any CPU
		{77EAFBF4-25DD-41F7-81F5-BD07CE74CD11}.Release|Any CPU.Build.0 = Release|Any CPU
		{4CF9B6B0-9DB3-4EAA-8255-BC1261D2579A}.Debug|Any CPU.ActiveCfg = Debug|Any CPU
		{4CF9B6B0-9DB3-4EAA-8255-BC1261D2579A}.Debug|Any CPU.Build.0 = Debug|Any CPU
		{4CF9B6B0-9DB3-4EAA-8255-BC1261D2579A}.Release|Any CPU.ActiveCfg = Release|Any CPU
		{4CF9B6B0-9DB3-4EAA-8255-BC1261D2579A}.Release|Any CPU.Build.0 = Release|Any CPU
		{030562DF-F338-4A70-A499-E72F2C027290}.Debug|Any CPU.ActiveCfg = Debug|Any CPU
		{030562DF-F338-4A70-A499-E72F2C027290}.Debug|Any CPU.Build.0 = Debug|Any CPU
		{030562DF-F338-4A70-A499-E72F2C027290}.Release|Any CPU.ActiveCfg = Release|Any CPU
		{030562DF-F338-4A70-A499-E72F2C027290}.Release|Any CPU.Build.0 = Release|Any CPU
		{FC8434A3-7D62-470F-838D-71E9E99D70EC}.Debug|Any CPU.ActiveCfg = Debug|Any CPU
		{FC8434A3-7D62-470F-838D-71E9E99D70EC}.Debug|Any CPU.Build.0 = Debug|Any CPU
		{FC8434A3-7D62-470F-838D-71E9E99D70EC}.Release|Any CPU.ActiveCfg = Release|Any CPU
		{FC8434A3-7D62-470F-838D-71E9E99D70EC}.Release|Any CPU.Build.0 = Release|Any CPU
	EndGlobalSection
EndGlobal
