
Microsoft Visual Studio Solution File, Format Version 12.00
# Visual Studio Version 16
VisualStudioVersion = 25.0.1704.2
MinimumVisualStudioVersion = 10.0.40219.1
Project("{FAE04EC0-301F-11D3-BF4B-00C04F79EFBC}") = "CustomerTaxiService", "CustomerTaxiService.csproj", "{BAB0199A-98FC-42D6-BCE8-01C9CE130619}"
EndProject
Global
	GlobalSection(SolutionConfigurationPlatforms) = preSolution
		Debug|Any CPU = Debug|Any CPU
		Release|Any CPU = Release|Any CPU
	EndGlobalSection
	GlobalSection(ProjectConfigurationPlatforms) = postSolution
		{BAB0199A-98FC-42D6-BCE8-01C9CE130619}.Debug|Any CPU.ActiveCfg = Debug|Any CPU
		{BAB0199A-98FC-42D6-BCE8-01C9CE130619}.Debug|Any CPU.Build.0 = Debug|Any CPU
		{BAB0199A-98FC-42D6-BCE8-01C9CE130619}.Release|Any CPU.ActiveCfg = Release|Any CPU
		{BAB0199A-98FC-42D6-BCE8-01C9CE130619}.Release|Any CPU.Build.0 = Release|Any CPU
	EndGlobalSection
	GlobalSection(SolutionProperties) = preSolution
		HideSolutionNode = FALSE
	EndGlobalSection
	GlobalSection(ExtensibilityGlobals) = postSolution
		SolutionGuid = {426522C7-C929-44F2-893B-78D608F25676}
	EndGlobalSection
EndGlobal
